
Microsoft Visual Studio Solution File, Format Version 12.00
# Visual Studio Version 16
VisualStudioVersion = 16.0.32630.194
MinimumVisualStudioVersion = 10.0.40219.1
Project("{FAE04EC0-301F-11D3-BF4B-00C04F79EFBC}") = "umb101", "umb101\umb101.csproj", "{B938FD0C-14B4-445F-92D0-92A7B6ACCC07}"
EndProject
Global
	GlobalSection(SolutionConfigurationPlatforms) = preSolution
		Debug|Any CPU = Debug|Any CPU
		Release|Any CPU = Release|Any CPU
	EndGlobalSection
	GlobalSection(ProjectConfigurationPlatforms) = postSolution
		{B938FD0C-14B4-445F-92D0-92A7B6ACCC07}.Debug|Any CPU.ActiveCfg = Debug|Any CPU
		{B938FD0C-14B4-445F-92D0-92A7B6ACCC07}.Debug|Any CPU.Build.0 = Debug|Any CPU
		{B938FD0C-14B4-445F-92D0-92A7B6ACCC07}.Release|Any CPU.ActiveCfg = Release|Any CPU
		{B938FD0C-14B4-445F-92D0-92A7B6ACCC07}.Release|Any CPU.Build.0 = Release|Any CPU
	EndGlobalSection
	GlobalSection(SolutionProperties) = preSolution
		HideSolutionNode = FALSE
	EndGlobalSection
	GlobalSection(ExtensibilityGlobals) = postSolution
		SolutionGuid = {3D941B9D-5DB8-4ED3-9F8A-4EE05A0BFE66}
	EndGlobalSection
EndGlobal
